
Microsoft Visual Studio Solution File, Format Version 12.00
# Visual Studio 2012
Project("{FAE04EC0-301F-11D3-BF4B-00C04F79EFBC}") = "MangoPay.SDK", "MangoPay.SDK\MangoPay.SDK.csproj", "{65246688-FADB-4A71-85D4-360306B1711C}"
EndProject
Project("{FAE04EC0-301F-11D3-BF4B-00C04F79EFBC}") = "MangoPay.SDK.Tests", "MangoPay.SDK.Tests\MangoPay.SDK.Tests.csproj", "{E70B455D-B599-4E6E-95CD-D7FC7503E0A0}"
EndProject
Project("{2150E333-8FDC-42A3-9474-1A3956D46DE8}") = "Solution Items", "Solution Items", "{9B434CA9-FC52-4BBB-AA7C-3ABCA9E21636}"
	ProjectSection(SolutionItems) = preProject
		mangopay2-net-sdk.vsmdi = mangopay2-net-sdk.vsmdi
		tc.testsettings = tc.testsettings
	EndProjectSection
EndProject
Global
	GlobalSection(TestCaseManagementSettings) = postSolution
		CategoryFile = mangopay2-net-sdk.vsmdi
	EndGlobalSection
	GlobalSection(SolutionConfigurationPlatforms) = preSolution
		Debug|Any CPU = Debug|Any CPU
		Release|Any CPU = Release|Any CPU
	EndGlobalSection
	GlobalSection(ProjectConfigurationPlatforms) = postSolution
		{65246688-FADB-4A71-85D4-360306B1711C}.Debug|Any CPU.ActiveCfg = Debug|Any CPU
		{65246688-FADB-4A71-85D4-360306B1711C}.Debug|Any CPU.Build.0 = Debug|Any CPU
		{65246688-FADB-4A71-85D4-360306B1711C}.Release|Any CPU.ActiveCfg = Release|Any CPU
		{65246688-FADB-4A71-85D4-360306B1711C}.Release|Any CPU.Build.0 = Release|Any CPU
		{E70B455D-B599-4E6E-95CD-D7FC7503E0A0}.Debug|Any CPU.ActiveCfg = Debug|Any CPU
		{E70B455D-B599-4E6E-95CD-D7FC7503E0A0}.Debug|Any CPU.Build.0 = Debug|Any CPU
		{E70B455D-B599-4E6E-95CD-D7FC7503E0A0}.Release|Any CPU.ActiveCfg = Release|Any CPU
		{E70B455D-B599-4E6E-95CD-D7FC7503E0A0}.Release|Any CPU.Build.0 = Release|Any CPU
	EndGlobalSection
	GlobalSection(SolutionProperties) = preSolution
		HideSolutionNode = FALSE
	EndGlobalSection
EndGlobal
